
Microsoft Visual Studio Solution File, Format Version 12.00
# Visual Studio Version 17
VisualStudioVersion = 17.3.32819.101
MinimumVisualStudioVersion = 10.0.40219.1
Project("{FAE04EC0-301F-11D3-BF4B-00C04F79EFBC}") = "NativeWifi", "NativeWifi\NativeWifi.csproj", "{1FD60544-20BF-4A22-A890-4E08CC6A8BB3}"
EndProject
Global
	GlobalSection(SolutionConfigurationPlatforms) = preSolution
		Debug|Any CPU = Debug|Any CPU
		Release|Any CPU = Release|Any CPU
	EndGlobalSection
	GlobalSection(ProjectConfigurationPlatforms) = postSolution
		{1FD60544-20BF-4A22-A890-4E08CC6A8BB3}.Debug|Any CPU.ActiveCfg = Debug|Any CPU
		{1FD60544-20BF-4A22-A890-4E08CC6A8BB3}.Debug|Any CPU.Build.0 = Debug|Any CPU
		{1FD60544-20BF-4A22-A890-4E08CC6A8BB3}.Release|Any CPU.ActiveCfg = Release|Any CPU
		{1FD60544-20BF-4A22-A890-4E08CC6A8BB3}.Release|Any CPU.Build.0 = Release|Any CPU
	EndGlobalSection
	GlobalSection(SolutionProperties) = preSolution
		HideSolutionNode = FALSE
	EndGlobalSection
	GlobalSection(ExtensibilityGlobals) = postSolution
		SolutionGuid = {B98C013D-7E78-4C79-9F8D-CC9C353BA5F4}
	EndGlobalSection
EndGlobal
